// !$*UTF8*$!
{
	archiveVersion = 1;
	classes = {
	};
	objectVersion = 46;
	objects = {

/* Begin PBXFileReference section */
		0A0DFCBE1A81A7FB0091DEE0 /* install.sh */ = {isa = PBXFileReference; lastKnownFileType = text.script.sh; path = install.sh; sourceTree = "<group>"; };
		0A93DF4C1A7EBB620068D36D /* aresbd.bash */ = {isa = PBXFileReference; fileEncoding = 4; lastKnownFileType = text.script.sh; lineEnding = 0; path = aresbd.bash; sourceTree = "<group>"; usesTabs = 0; };
		0A93DF4D1A7EBB620068D36D /* aresbd.conf */ = {isa = PBXFileReference; fileEncoding = 4; lastKnownFileType = text.script.sh; path = aresbd.conf; sourceTree = "<group>"; };
		0A93DF4F1A7EBB620068D36D /* attackLogic.abdmodule */ = {isa = PBXFileReference; fileEncoding = 4; lastKnownFileType = text.script.sh; path = attackLogic.abdmodule; sourceTree = "<group>"; };
		0A93DF501A7EBB620068D36D /* attackScript.abdmodule */ = {isa = PBXFileReference; fileEncoding = 4; lastKnownFileType = text.script.sh; path = attackScript.abdmodule; sourceTree = "<group>"; };
		0A93DF511A7EBB620068D36D /* attackShell.abdmodule */ = {isa = PBXFileReference; fileEncoding = 4; lastKnownFileType = text.script.sh; path = attackShell.abdmodule; sourceTree = "<group>"; };
		0A93DF521A7EBB620068D36D /* exampleModule.abdmodule */ = {isa = PBXFileReference; fileEncoding = 4; lastKnownFileType = text.script.sh; path = exampleModule.abdmodule; sourceTree = "<group>"; };
		0A93DF531A7EBB620068D36D /* setAttack.abdmodule */ = {isa = PBXFileReference; fileEncoding = 4; lastKnownFileType = text.script.sh; path = setAttack.abdmodule; sourceTree = "<group>"; };
		0A93DF541A7EBB620068D36D /* setPort.abdmodule */ = {isa = PBXFileReference; fileEncoding = 4; lastKnownFileType = text.script.sh; path = setPort.abdmodule; sourceTree = "<group>"; };
		0A93DF551A7EBB620068D36D /* setScript.abdmodule */ = {isa = PBXFileReference; fileEncoding = 4; lastKnownFileType = text.script.sh; path = setScript.abdmodule; sourceTree = "<group>"; };
		0A93DF561A7EBB620068D36D /* showHelp.abdmodule */ = {isa = PBXFileReference; fileEncoding = 4; lastKnownFileType = text.script.sh; path = showHelp.abdmodule; sourceTree = "<group>"; };
		0A93DF571A7EBB620068D36D /* showOpts.abdmodule */ = {isa = PBXFileReference; fileEncoding = 4; lastKnownFileType = text.script.sh; path = showOpts.abdmodule; sourceTree = "<group>"; };
		0A93DF591A7EBB620068D36D /* AppTroll */ = {isa = PBXFileReference; fileEncoding = 4; lastKnownFileType = text.script.sh; path = AppTroll; sourceTree = "<group>"; };
		0A93DF5A1A7EBB620068D36D /* Command-Q */ = {isa = PBXFileReference; fileEncoding = 4; lastKnownFileType = text.script.sh; path = "Command-Q"; sourceTree = "<group>"; };
		0A93DF5B1A7EBB620068D36D /* KillFPS */ = {isa = PBXFileReference; fileEncoding = 4; lastKnownFileType = text.script.sh; path = KillFPS; sourceTree = "<group>"; };
		0A93DF5E1A7EBB620068D36D /* Control Panel.gliffy */ = {isa = PBXFileReference; fileEncoding = 4; lastKnownFileType = text; path = "Control Panel.gliffy"; sourceTree = "<group>"; };
		0A93DF5F1A7EBB620068D36D /* LICENSE */ = {isa = PBXFileReference; fileEncoding = 4; lastKnownFileType = text; path = LICENSE; sourceTree = "<group>"; };
		0A93DF631A7EBB620068D36D /* ares.conf */ = {isa = PBXFileReference; fileEncoding = 4; lastKnownFileType = text; path = ares.conf; sourceTree = "<group>"; };
		0A93DF641A7EBB620068D36D /* aresbd */ = {isa = PBXFileReference; fileEncoding = 4; lastKnownFileType = text.script.sh; path = aresbd; sourceTree = "<group>"; };
		0A93DF661A7EBB620068D36D /* Example */ = {isa = PBXFileReference; fileEncoding = 4; lastKnownFileType = text.script.sh; path = Example; sourceTree = "<group>"; };
		0A93DF671A7EBB620068D36D /* install.sh */ = {isa = PBXFileReference; fileEncoding = 4; lastKnownFileType = text.script.sh; path = install.sh; sourceTree = "<group>"; };
		0A93DF6A1A7EBB620068D36D /* gui.bash */ = {isa = PBXFileReference; fileEncoding = 4; lastKnownFileType = text.script.sh; path = gui.bash; sourceTree = "<group>"; };
		0A93DF6B1A7EBB620068D36D /* gui2.bash */ = {isa = PBXFileReference; fileEncoding = 4; lastKnownFileType = text.script.sh; path = gui2.bash; sourceTree = "<group>"; };
		0A93DF6C1A7EBB620068D36D /* gui_template.bash */ = {isa = PBXFileReference; fileEncoding = 4; lastKnownFileType = text.script.sh; path = gui_template.bash; sourceTree = "<group>"; };
		0A93DF6D1A7EBB620068D36D /* README.md */ = {isa = PBXFileReference; fileEncoding = 4; lastKnownFileType = net.daringfireball.markdown; path = README.md; sourceTree = "<group>"; };
		0A93DF701A7EBB620068D36D /* com.apple.ares.plist */ = {isa = PBXFileReference; fileEncoding = 4; lastKnownFileType = text.plist.xml; path = com.apple.ares.plist; sourceTree = "<group>"; };
		0A93DF711A7EBB620068D36D /* com.apple.update.plist */ = {isa = PBXFileReference; fileEncoding = 4; lastKnownFileType = text.plist.xml; path = com.apple.update.plist; sourceTree = "<group>"; };
		0A93DF721A7EBB620068D36D /* connect.sh */ = {isa = PBXFileReference; fileEncoding = 4; lastKnownFileType = text.script.sh; path = connect.sh; sourceTree = "<group>"; };
		0A93DF731A7EBB620068D36D /* update.sh */ = {isa = PBXFileReference; fileEncoding = 4; lastKnownFileType = text.script.sh; path = update.sh; sourceTree = "<group>"; };
/* End PBXFileReference section */

/* Begin PBXGroup section */
		0A93DF4A1A7EBB620068D36D /* ABDConsole */ = {
			isa = PBXGroup;
			children = (
				0A93DF4B1A7EBB620068D36D /* Ares */,
			);
			path = ABDConsole;
			sourceTree = "<group>";
		};
		0A93DF4B1A7EBB620068D36D /* Ares */ = {
			isa = PBXGroup;
			children = (
				0A93DF4C1A7EBB620068D36D /* aresbd.bash */,
				0A93DF4D1A7EBB620068D36D /* aresbd.conf */,
				0A93DF4E1A7EBB620068D36D /* Modules */,
				0A93DF581A7EBB620068D36D /* Scripts */,
			);
			path = Ares;
			sourceTree = "<group>";
		};
		0A93DF4E1A7EBB620068D36D /* Modules */ = {
			isa = PBXGroup;
			children = (
				0A93DF4F1A7EBB620068D36D /* attackLogic.abdmodule */,
				0A93DF501A7EBB620068D36D /* attackScript.abdmodule */,
				0A93DF511A7EBB620068D36D /* attackShell.abdmodule */,
				0A93DF521A7EBB620068D36D /* exampleModule.abdmodule */,
				0A93DF531A7EBB620068D36D /* setAttack.abdmodule */,
				0A93DF541A7EBB620068D36D /* setPort.abdmodule */,
				0A93DF551A7EBB620068D36D /* setScript.abdmodule */,
				0A93DF561A7EBB620068D36D /* showHelp.abdmodule */,
				0A93DF571A7EBB620068D36D /* showOpts.abdmodule */,
			);
			path = Modules;
			sourceTree = "<group>";
		};
		0A93DF581A7EBB620068D36D /* Scripts */ = {
			isa = PBXGroup;
			children = (
				0A93DF591A7EBB620068D36D /* AppTroll */,
				0A93DF5A1A7EBB620068D36D /* Command-Q */,
				0A93DF5B1A7EBB620068D36D /* KillFPS */,
			);
			path = Scripts;
			sourceTree = "<group>";
		};
		0A93DF601A7EBB620068D36D /* Old */ = {
			isa = PBXGroup;
			children = (
				0A93DF611A7EBB620068D36D /* Control Panel OLD */,
				0A93DF681A7EBB620068D36D /* Server OLD */,
			);
			path = Old;
			sourceTree = "<group>";
		};
		0A93DF611A7EBB620068D36D /* Control Panel OLD */ = {
			isa = PBXGroup;
			children = (
				0A93DF621A7EBB620068D36D /* Ares */,
				0A93DF671A7EBB620068D36D /* install.sh */,
			);
			path = "Control Panel OLD";
			sourceTree = "<group>";
		};
		0A93DF621A7EBB620068D36D /* Ares */ = {
			isa = PBXGroup;
			children = (
				0A93DF631A7EBB620068D36D /* ares.conf */,
				0A93DF641A7EBB620068D36D /* aresbd */,
				0A93DF651A7EBB620068D36D /* Scripts */,
			);
			path = Ares;
			sourceTree = "<group>";
		};
		0A93DF651A7EBB620068D36D /* Scripts */ = {
			isa = PBXGroup;
			children = (
				0A93DF661A7EBB620068D36D /* Example */,
			);
			path = Scripts;
			sourceTree = "<group>";
		};
		0A93DF681A7EBB620068D36D /* Server OLD */ = {
			isa = PBXGroup;
			children = (
				0A93DF691A7EBB620068D36D /* Old Installer */,
			);
			path = "Server OLD";
			sourceTree = "<group>";
		};
		0A93DF691A7EBB620068D36D /* Old Installer */ = {
			isa = PBXGroup;
			children = (
				0A93DF6A1A7EBB620068D36D /* gui.bash */,
				0A93DF6B1A7EBB620068D36D /* gui2.bash */,
				0A93DF6C1A7EBB620068D36D /* gui_template.bash */,
			);
			path = "Old Installer";
			sourceTree = "<group>";
		};
		0A93DF6E1A7EBB620068D36D /* Server */ = {
			isa = PBXGroup;
			children = (
				0A93DF6F1A7EBB620068D36D /* Installer */,
			);
			path = Server;
			sourceTree = "<group>";
		};
		0A93DF6F1A7EBB620068D36D /* Installer */ = {
			isa = PBXGroup;
			children = (
				0A93DF701A7EBB620068D36D /* com.apple.ares.plist */,
				0A93DF711A7EBB620068D36D /* com.apple.update.plist */,
				0A93DF721A7EBB620068D36D /* connect.sh */,
				0A93DF731A7EBB620068D36D /* update.sh */,
				0A0DFCBE1A81A7FB0091DEE0 /* install.sh */,
			);
			path = Installer;
			sourceTree = "<group>";
		};
		0AE05FBB1A7EBB1500AC8CF6 = {
			isa = PBXGroup;
			children = (
				0A93DF4A1A7EBB620068D36D /* ABDConsole */,
				0A93DF5E1A7EBB620068D36D /* Control Panel.gliffy */,
				0A93DF5F1A7EBB620068D36D /* LICENSE */,
				0A93DF601A7EBB620068D36D /* Old */,
				0A93DF6D1A7EBB620068D36D /* README.md */,
				0A93DF6E1A7EBB620068D36D /* Server */,
			);
			sourceTree = "<group>";
		};
/* End PBXGroup section */

/* Begin PBXLegacyTarget section */
		0AE05FC01A7EBB1500AC8CF6 /* AresBD */ = {
			isa = PBXLegacyTarget;
			buildArgumentsString = "$(ACTION)";
			buildConfigurationList = 0AE05FC31A7EBB1500AC8CF6 /* Build configuration list for PBXLegacyTarget "AresBD" */;
			buildPhases = (
			);
			buildToolPath = /usr/local/bin/bash;
			dependencies = (
			);
			name = AresBD;
			passBuildSettingsInEnvironment = 1;
			productName = AresBD;
		};
/* End PBXLegacyTarget section */

/* Begin PBXProject section */
		0AE05FBC1A7EBB1500AC8CF6 /* Project object */ = {
			isa = PBXProject;
			attributes = {
				LastUpgradeCheck = 0610;
				ORGANIZATIONNAME = "Stsosz Systems";
				TargetAttributes = {
					0AE05FC01A7EBB1500AC8CF6 = {
						CreatedOnToolsVersion = 6.1.1;
					};
				};
			};
			buildConfigurationList = 0AE05FBF1A7EBB1500AC8CF6 /* Build configuration list for PBXProject "AresBD" */;
			compatibilityVersion = "Xcode 3.2";
			developmentRegion = English;
			hasScannedForEncodings = 0;
			knownRegions = (
				en,
			);
			mainGroup = 0AE05FBB1A7EBB1500AC8CF6;
			projectDirPath = "";
			projectRoot = "";
			targets = (
				0AE05FC01A7EBB1500AC8CF6 /* AresBD */,
			);
		};
/* End PBXProject section */

/* Begin XCBuildConfiguration section */
		0AE05FC11A7EBB1500AC8CF6 /* Debug */ = {
			isa = XCBuildConfiguration;
			buildSettings = {
				ALWAYS_SEARCH_USER_PATHS = NO;
				CLANG_CXX_LANGUAGE_STANDARD = "gnu++0x";
				CLANG_CXX_LIBRARY = "libc++";
				CLANG_ENABLE_MODULES = YES;
				CLANG_ENABLE_OBJC_ARC = YES;
				CLANG_WARN_BOOL_CONVERSION = YES;
				CLANG_WARN_CONSTANT_CONVERSION = YES;
				CLANG_WARN_DIRECT_OBJC_ISA_USAGE = YES_ERROR;
				CLANG_WARN_EMPTY_BODY = YES;
				CLANG_WARN_ENUM_CONVERSION = YES;
				CLANG_WARN_INT_CONVERSION = YES;
				CLANG_WARN_OBJC_ROOT_CLASS = YES_ERROR;
				CLANG_WARN_UNREACHABLE_CODE = YES;
				CLANG_WARN__DUPLICATE_METHOD_MATCH = YES;
				COPY_PHASE_STRIP = NO;
				ENABLE_STRICT_OBJC_MSGSEND = YES;
				GCC_C_LANGUAGE_STANDARD = gnu99;
				GCC_DYNAMIC_NO_PIC = NO;
				GCC_OPTIMIZATION_LEVEL = 0;
				GCC_PREPROCESSOR_DEFINITIONS = (
					"DEBUG=1",
					"$(inherited)",
				);
				GCC_SYMBOLS_PRIVATE_EXTERN = NO;
				GCC_WARN_64_TO_32_BIT_CONVERSION = YES;
				GCC_WARN_ABOUT_RETURN_TYPE = YES_ERROR;
				GCC_WARN_UNDECLARED_SELECTOR = YES;
				GCC_WARN_UNINITIALIZED_AUTOS = YES_AGGRESSIVE;
				GCC_WARN_UNUSED_FUNCTION = YES;
				GCC_WARN_UNUSED_VARIABLE = YES;
				MACOSX_DEPLOYMENT_TARGET = 10.10;
				MTL_ENABLE_DEBUG_INFO = YES;
				ONLY_ACTIVE_ARCH = YES;
				SDKROOT = macosx;
			};
			name = Debug;
		};
		0AE05FC21A7EBB1500AC8CF6 /* Release */ = {
			isa = XCBuildConfiguration;
			buildSettings = {
				ALWAYS_SEARCH_USER_PATHS = NO;
				CLANG_CXX_LANGUAGE_STANDARD = "gnu++0x";
				CLANG_CXX_LIBRARY = "libc++";
				CLANG_ENABLE_MODULES = YES;
				CLANG_ENABLE_OBJC_ARC = YES;
				CLANG_WARN_BOOL_CONVERSION = YES;
				CLANG_WARN_CONSTANT_CONVERSION = YES;
				CLANG_WARN_DIRECT_OBJC_ISA_USAGE = YES_ERROR;
				CLANG_WARN_EMPTY_BODY = YES;
				CLANG_WARN_ENUM_CONVERSION = YES;
				CLANG_WARN_INT_CONVERSION = YES;
				CLANG_WARN_OBJC_ROOT_CLASS = YES_ERROR;
				CLANG_WARN_UNREACHABLE_CODE = YES;
				CLANG_WARN__DUPLICATE_METHOD_MATCH = YES;
				COPY_PHASE_STRIP = YES;
				DEBUG_INFORMATION_FORMAT = "dwarf-with-dsym";
				ENABLE_NS_ASSERTIONS = NO;
				ENABLE_STRICT_OBJC_MSGSEND = YES;
				GCC_C_LANGUAGE_STANDARD = gnu99;
				GCC_WARN_64_TO_32_BIT_CONVERSION = YES;
				GCC_WARN_ABOUT_RETURN_TYPE = YES_ERROR;
				GCC_WARN_UNDECLARED_SELECTOR = YES;
				GCC_WARN_UNINITIALIZED_AUTOS = YES_AGGRESSIVE;
				GCC_WARN_UNUSED_FUNCTION = YES;
				GCC_WARN_UNUSED_VARIABLE = YES;
				MACOSX_DEPLOYMENT_TARGET = 10.10;
				MTL_ENABLE_DEBUG_INFO = NO;
				SDKROOT = macosx;
			};
			name = Release;
		};
		0AE05FC41A7EBB1500AC8CF6 /* Debug */ = {
			isa = XCBuildConfiguration;
			buildSettings = {
				DEBUGGING_SYMBOLS = YES;
				GCC_GENERATE_DEBUGGING_SYMBOLS = YES;
				GCC_OPTIMIZATION_LEVEL = 0;
				OTHER_CFLAGS = "";
				OTHER_LDFLAGS = "";
				PRODUCT_NAME = "$(TARGET_NAME)";
			};
			name = Debug;
		};
		0AE05FC51A7EBB1500AC8CF6 /* Release */ = {
			isa = XCBuildConfiguration;
			buildSettings = {
				OTHER_CFLAGS = "";
				OTHER_LDFLAGS = "";
				PRODUCT_NAME = "$(TARGET_NAME)";
			};
			name = Release;
		};
/* End XCBuildConfiguration section */

/* Begin XCConfigurationList section */
		0AE05FBF1A7EBB1500AC8CF6 /* Build configuration list for PBXProject "AresBD" */ = {
			isa = XCConfigurationList;
			buildConfigurations = (
				0AE05FC11A7EBB1500AC8CF6 /* Debug */,
				0AE05FC21A7EBB1500AC8CF6 /* Release */,
			);
			defaultConfigurationIsVisible = 0;
			defaultConfigurationName = Release;
		};
		0AE05FC31A7EBB1500AC8CF6 /* Build configuration list for PBXLegacyTarget "AresBD" */ = {
			isa = XCConfigurationList;
			buildConfigurations = (
				0AE05FC41A7EBB1500AC8CF6 /* Debug */,
				0AE05FC51A7EBB1500AC8CF6 /* Release */,
			);
			defaultConfigurationIsVisible = 0;
			defaultConfigurationName = Release;
		};
/* End XCConfigurationList section */
	};
	rootObject = 0AE05FBC1A7EBB1500AC8CF6 /* Project object */;
}
