// !$*UTF8*$!
{
	archiveVersion = 1;
	classes = {
	};
	objectVersion = 46;
	objects = {

/* Begin PBXFileReference section */
		0A5F614C1AAA36CD00678A20 /* abdconsole */ = {isa = PBXFileReference; fileEncoding = 4; lastKnownFileType = text.script.sh; path = abdconsole; sourceTree = "<group>"; };
		0A5F614D1AAA36CD00678A20 /* aresbd.conf */ = {isa = PBXFileReference; fileEncoding = 4; lastKnownFileType = text; path = aresbd.conf; sourceTree = "<group>"; };
		0A5F614F1AAA36CD00678A20 /* LICENSE */ = {isa = PBXFileReference; fileEncoding = 4; lastKnownFileType = text; path = LICENSE; sourceTree = "<group>"; };
		0A5F61511AAA36CD00678A20 /* attackLogic.abdmodule */ = {isa = PBXFileReference; fileEncoding = 4; lastKnownFileType = text; path = attackLogic.abdmodule; sourceTree = "<group>"; };
		0A5F61521AAA36CD00678A20 /* attackScript.abdmodule */ = {isa = PBXFileReference; fileEncoding = 4; lastKnownFileType = text; path = attackScript.abdmodule; sourceTree = "<group>"; };
		0A5F61531AAA36CD00678A20 /* attackShell.abdmodule */ = {isa = PBXFileReference; fileEncoding = 4; lastKnownFileType = text; path = attackShell.abdmodule; sourceTree = "<group>"; };
		0A5F61541AAA36CD00678A20 /* exampleModule.abdmodule */ = {isa = PBXFileReference; fileEncoding = 4; lastKnownFileType = text; path = exampleModule.abdmodule; sourceTree = "<group>"; };
		0A5F61551AAA36CD00678A20 /* setAttack.abdmodule */ = {isa = PBXFileReference; fileEncoding = 4; lastKnownFileType = text; path = setAttack.abdmodule; sourceTree = "<group>"; };
		0A5F61561AAA36CD00678A20 /* setPort.abdmodule */ = {isa = PBXFileReference; fileEncoding = 4; lastKnownFileType = text; path = setPort.abdmodule; sourceTree = "<group>"; };
		0A5F61571AAA36CD00678A20 /* setScript.abdmodule */ = {isa = PBXFileReference; fileEncoding = 4; lastKnownFileType = text; path = setScript.abdmodule; sourceTree = "<group>"; };
		0A5F61581AAA36CD00678A20 /* showHelp.abdmodule */ = {isa = PBXFileReference; fileEncoding = 4; lastKnownFileType = text; path = showHelp.abdmodule; sourceTree = "<group>"; };
		0A5F61591AAA36CD00678A20 /* showMenu.abdmodule */ = {isa = PBXFileReference; fileEncoding = 4; lastKnownFileType = text; path = showMenu.abdmodule; sourceTree = "<group>"; };
		0A5F615A1AAA36CD00678A20 /* showOpts.abdmodule */ = {isa = PBXFileReference; fileEncoding = 4; lastKnownFileType = text; path = showOpts.abdmodule; sourceTree = "<group>"; };
		0A5F615B1AAA36CD00678A20 /* showSplash.abdmodule */ = {isa = PBXFileReference; fileEncoding = 4; lastKnownFileType = text; path = showSplash.abdmodule; sourceTree = "<group>"; };
		0A5F615C1AAA36CD00678A20 /* README.md */ = {isa = PBXFileReference; fileEncoding = 4; lastKnownFileType = net.daringfireball.markdown; path = README.md; sourceTree = "<group>"; };
		0A5F615E1AAA36CD00678A20 /* AppTroll */ = {isa = PBXFileReference; fileEncoding = 4; lastKnownFileType = text.script.sh; path = AppTroll; sourceTree = "<group>"; };
		0A5F615F1AAA36CD00678A20 /* Command-Q */ = {isa = PBXFileReference; fileEncoding = 4; lastKnownFileType = text.script.sh; path = "Command-Q"; sourceTree = "<group>"; };
		0A5F61601AAA36CD00678A20 /* KillFPS */ = {isa = PBXFileReference; fileEncoding = 4; lastKnownFileType = text.script.sh; path = KillFPS; sourceTree = "<group>"; };
		0A5F61641AAA36CD00678A20 /* com.apple.ares.plist */ = {isa = PBXFileReference; fileEncoding = 4; lastKnownFileType = text.plist.xml; path = com.apple.ares.plist; sourceTree = "<group>"; };
		0A5F61651AAA36CD00678A20 /* com.apple.update.plist */ = {isa = PBXFileReference; fileEncoding = 4; lastKnownFileType = text.plist.xml; path = com.apple.update.plist; sourceTree = "<group>"; };
		0A5F61661AAA36CD00678A20 /* connect.sh */ = {isa = PBXFileReference; fileEncoding = 4; lastKnownFileType = text.script.sh; path = connect.sh; sourceTree = "<group>"; };
		0A5F61671AAA36CD00678A20 /* update.sh */ = {isa = PBXFileReference; fileEncoding = 4; lastKnownFileType = text.script.sh; path = update.sh; sourceTree = "<group>"; };
		0A5F61681AAA36CD00678A20 /* install.sh */ = {isa = PBXFileReference; fileEncoding = 4; lastKnownFileType = text.script.sh; path = install.sh; sourceTree = "<group>"; };
		0AD2AE9A1AAA6ACD0056826B /* setup.sh */ = {isa = PBXFileReference; lastKnownFileType = text.script.sh; path = setup.sh; sourceTree = "<group>"; };
		0AF689E31AC647A100480EF4 /* setIp.abdmodule */ = {isa = PBXFileReference; fileEncoding = 4; lastKnownFileType = text; path = setIp.abdmodule; sourceTree = "<group>"; };
		0AF689E41AC64F8700480EF4 /* template */ = {isa = PBXFileReference; fileEncoding = 4; lastKnownFileType = text.script.sh; path = template; sourceTree = "<group>"; };
		0AF689E51AC6C2B500480EF4 /* firstExecution.abdmodule */ = {isa = PBXFileReference; fileEncoding = 4; lastKnownFileType = text; path = firstExecution.abdmodule; sourceTree = "<group>"; };
/* End PBXFileReference section */

/* Begin PBXGroup section */
		0A5F61081AAA367A00678A20 = {
			isa = PBXGroup;
			children = (
				0AD2AE9A1AAA6ACD0056826B /* setup.sh */,
				0A5F614C1AAA36CD00678A20 /* abdconsole */,
				0A5F614D1AAA36CD00678A20 /* aresbd.conf */,
				0A5F614F1AAA36CD00678A20 /* LICENSE */,
				0A5F615C1AAA36CD00678A20 /* README.md */,
				0A5F61501AAA36CD00678A20 /* Modules */,
				0A5F615D1AAA36CD00678A20 /* Scripts */,
				0A5F61611AAA36CD00678A20 /* Server */,
			);
			sourceTree = "<group>";
		};
		0A5F61501AAA36CD00678A20 /* Modules */ = {
			isa = PBXGroup;
			children = (
				0A5F61511AAA36CD00678A20 /* attackLogic.abdmodule */,
				0A5F61521AAA36CD00678A20 /* attackScript.abdmodule */,
				0A5F61531AAA36CD00678A20 /* attackShell.abdmodule */,
				0A5F61541AAA36CD00678A20 /* exampleModule.abdmodule */,
				0AF689E51AC6C2B500480EF4 /* firstExecution.abdmodule */,
				0AF689E31AC647A100480EF4 /* setIp.abdmodule */,
				0A5F61551AAA36CD00678A20 /* setAttack.abdmodule */,
				0A5F61561AAA36CD00678A20 /* setPort.abdmodule */,
				0A5F61571AAA36CD00678A20 /* setScript.abdmodule */,
				0A5F61581AAA36CD00678A20 /* showHelp.abdmodule */,
				0A5F61591AAA36CD00678A20 /* showMenu.abdmodule */,
				0A5F615A1AAA36CD00678A20 /* showOpts.abdmodule */,
				0A5F615B1AAA36CD00678A20 /* showSplash.abdmodule */,
			);
			path = Modules;
			sourceTree = "<group>";
		};
		0A5F615D1AAA36CD00678A20 /* Scripts */ = {
			isa = PBXGroup;
			children = (
				0A5F615E1AAA36CD00678A20 /* AppTroll */,
				0A5F615F1AAA36CD00678A20 /* Command-Q */,
				0A5F61601AAA36CD00678A20 /* KillFPS */,
			);
			path = Scripts;
			sourceTree = "<group>";
		};
		0A5F61611AAA36CD00678A20 /* Server */ = {
			isa = PBXGroup;
			children = (
				0A5F61621AAA36CD00678A20 /* Files */,
				0A5F61681AAA36CD00678A20 /* install.sh */,
			);
			path = Server;
			sourceTree = "<group>";
		};
		0A5F61621AAA36CD00678A20 /* Files */ = {
			isa = PBXGroup;
			children = (
				0AF689E41AC64F8700480EF4 /* template */,
				0A5F61641AAA36CD00678A20 /* com.apple.ares.plist */,
				0A5F61651AAA36CD00678A20 /* com.apple.update.plist */,
				0A5F61661AAA36CD00678A20 /* connect.sh */,
				0A5F61671AAA36CD00678A20 /* update.sh */,
			);
			path = Files;
			sourceTree = "<group>";
		};
/* End PBXGroup section */

/* Begin PBXLegacyTarget section */
		0A5F610D1AAA367A00678A20 /* aresbd */ = {
			isa = PBXLegacyTarget;
			buildArgumentsString = "$(ACTION)";
			buildConfigurationList = 0A5F61101AAA367A00678A20 /* Build configuration list for PBXLegacyTarget "aresbd" */;
			buildPhases = (
			);
			buildToolPath = /usr/local/bin/bash;
			dependencies = (
			);
			name = aresbd;
			passBuildSettingsInEnvironment = 1;
			productName = aresbd;
		};
/* End PBXLegacyTarget section */

/* Begin PBXProject section */
		0A5F61091AAA367A00678A20 /* Project object */ = {
			isa = PBXProject;
			attributes = {
				LastUpgradeCheck = 0610;
				ORGANIZATIONNAME = "Stsosz Systems";
				TargetAttributes = {
					0A5F610D1AAA367A00678A20 = {
						CreatedOnToolsVersion = 6.1.1;
					};
				};
			};
			buildConfigurationList = 0A5F610C1AAA367A00678A20 /* Build configuration list for PBXProject "aresbd" */;
			compatibilityVersion = "Xcode 3.2";
			developmentRegion = English;
			hasScannedForEncodings = 0;
			knownRegions = (
				en,
			);
			mainGroup = 0A5F61081AAA367A00678A20;
			projectDirPath = "";
			projectRoot = "";
			targets = (
				0A5F610D1AAA367A00678A20 /* aresbd */,
			);
		};
/* End PBXProject section */

/* Begin XCBuildConfiguration section */
		0A5F610E1AAA367A00678A20 /* Debug */ = {
			isa = XCBuildConfiguration;
			buildSettings = {
				ALWAYS_SEARCH_USER_PATHS = NO;
				CLANG_CXX_LANGUAGE_STANDARD = "gnu++0x";
				CLANG_CXX_LIBRARY = "libc++";
				CLANG_ENABLE_MODULES = YES;
				CLANG_ENABLE_OBJC_ARC = YES;
				CLANG_WARN_BOOL_CONVERSION = YES;
				CLANG_WARN_CONSTANT_CONVERSION = YES;
				CLANG_WARN_DIRECT_OBJC_ISA_USAGE = YES_ERROR;
				CLANG_WARN_EMPTY_BODY = YES;
				CLANG_WARN_ENUM_CONVERSION = YES;
				CLANG_WARN_INT_CONVERSION = YES;
				CLANG_WARN_OBJC_ROOT_CLASS = YES_ERROR;
				CLANG_WARN_UNREACHABLE_CODE = YES;
				CLANG_WARN__DUPLICATE_METHOD_MATCH = YES;
				COPY_PHASE_STRIP = NO;
				ENABLE_STRICT_OBJC_MSGSEND = YES;
				GCC_C_LANGUAGE_STANDARD = gnu99;
				GCC_DYNAMIC_NO_PIC = NO;
				GCC_OPTIMIZATION_LEVEL = 0;
				GCC_PREPROCESSOR_DEFINITIONS = (
					"DEBUG=1",
					"$(inherited)",
				);
				GCC_SYMBOLS_PRIVATE_EXTERN = NO;
				GCC_WARN_64_TO_32_BIT_CONVERSION = YES;
				GCC_WARN_ABOUT_RETURN_TYPE = YES_ERROR;
				GCC_WARN_UNDECLARED_SELECTOR = YES;
				GCC_WARN_UNINITIALIZED_AUTOS = YES_AGGRESSIVE;
				GCC_WARN_UNUSED_FUNCTION = YES;
				GCC_WARN_UNUSED_VARIABLE = YES;
				MACOSX_DEPLOYMENT_TARGET = 10.10;
				MTL_ENABLE_DEBUG_INFO = YES;
				ONLY_ACTIVE_ARCH = YES;
				SDKROOT = macosx;
			};
			name = Debug;
		};
		0A5F610F1AAA367A00678A20 /* Release */ = {
			isa = XCBuildConfiguration;
			buildSettings = {
				ALWAYS_SEARCH_USER_PATHS = NO;
				CLANG_CXX_LANGUAGE_STANDARD = "gnu++0x";
				CLANG_CXX_LIBRARY = "libc++";
				CLANG_ENABLE_MODULES = YES;
				CLANG_ENABLE_OBJC_ARC = YES;
				CLANG_WARN_BOOL_CONVERSION = YES;
				CLANG_WARN_CONSTANT_CONVERSION = YES;
				CLANG_WARN_DIRECT_OBJC_ISA_USAGE = YES_ERROR;
				CLANG_WARN_EMPTY_BODY = YES;
				CLANG_WARN_ENUM_CONVERSION = YES;
				CLANG_WARN_INT_CONVERSION = YES;
				CLANG_WARN_OBJC_ROOT_CLASS = YES_ERROR;
				CLANG_WARN_UNREACHABLE_CODE = YES;
				CLANG_WARN__DUPLICATE_METHOD_MATCH = YES;
				COPY_PHASE_STRIP = YES;
				DEBUG_INFORMATION_FORMAT = "dwarf-with-dsym";
				ENABLE_NS_ASSERTIONS = NO;
				ENABLE_STRICT_OBJC_MSGSEND = YES;
				GCC_C_LANGUAGE_STANDARD = gnu99;
				GCC_WARN_64_TO_32_BIT_CONVERSION = YES;
				GCC_WARN_ABOUT_RETURN_TYPE = YES_ERROR;
				GCC_WARN_UNDECLARED_SELECTOR = YES;
				GCC_WARN_UNINITIALIZED_AUTOS = YES_AGGRESSIVE;
				GCC_WARN_UNUSED_FUNCTION = YES;
				GCC_WARN_UNUSED_VARIABLE = YES;
				MACOSX_DEPLOYMENT_TARGET = 10.10;
				MTL_ENABLE_DEBUG_INFO = NO;
				SDKROOT = macosx;
			};
			name = Release;
		};
		0A5F61111AAA367A00678A20 /* Debug */ = {
			isa = XCBuildConfiguration;
			buildSettings = {
				DEBUGGING_SYMBOLS = YES;
				GCC_GENERATE_DEBUGGING_SYMBOLS = YES;
				GCC_OPTIMIZATION_LEVEL = 0;
				OTHER_CFLAGS = "";
				OTHER_LDFLAGS = "";
				PRODUCT_NAME = "$(TARGET_NAME)";
			};
			name = Debug;
		};
		0A5F61121AAA367A00678A20 /* Release */ = {
			isa = XCBuildConfiguration;
			buildSettings = {
				OTHER_CFLAGS = "";
				OTHER_LDFLAGS = "";
				PRODUCT_NAME = "$(TARGET_NAME)";
			};
			name = Release;
		};
/* End XCBuildConfiguration section */

/* Begin XCConfigurationList section */
		0A5F610C1AAA367A00678A20 /* Build configuration list for PBXProject "aresbd" */ = {
			isa = XCConfigurationList;
			buildConfigurations = (
				0A5F610E1AAA367A00678A20 /* Debug */,
				0A5F610F1AAA367A00678A20 /* Release */,
			);
			defaultConfigurationIsVisible = 0;
			defaultConfigurationName = Release;
		};
		0A5F61101AAA367A00678A20 /* Build configuration list for PBXLegacyTarget "aresbd" */ = {
			isa = XCConfigurationList;
			buildConfigurations = (
				0A5F61111AAA367A00678A20 /* Debug */,
				0A5F61121AAA367A00678A20 /* Release */,
			);
			defaultConfigurationIsVisible = 0;
			defaultConfigurationName = Release;
		};
/* End XCConfigurationList section */
	};
	rootObject = 0A5F61091AAA367A00678A20 /* Project object */;
}
